
Microsoft Visual Studio Solution File, Format Version 12.00
# Visual Studio Version 16
VisualStudioVersion = 16.0.31105.61
MinimumVisualStudioVersion = 10.0.40219.1
Project("{FAE04EC0-301F-11D3-BF4B-00C04F79EFBC}") = "TestSquareLibrary", "TestSquareLibrary\TestSquareLibrary.csproj", "{B1EE199A-1C8E-48FC-B0BB-56359EBAA644}"
EndProject
Project("{FAE04EC0-301F-11D3-BF4B-00C04F79EFBC}") = "TestSquareConsole", "TestSquareConsole\TestSquareConsole.csproj", "{F228FEA0-1BD5-411E-80AA-6C8BA0DFE6BC}"
EndProject
Global
	GlobalSection(SolutionConfigurationPlatforms) = preSolution
		Debug|Any CPU = Debug|Any CPU
		Release|Any CPU = Release|Any CPU
	EndGlobalSection
	GlobalSection(ProjectConfigurationPlatforms) = postSolution
		{B1EE199A-1C8E-48FC-B0BB-56359EBAA644}.Debug|Any CPU.ActiveCfg = Debug|Any CPU
		{B1EE199A-1C8E-48FC-B0BB-56359EBAA644}.Debug|Any CPU.Build.0 = Debug|Any CPU
		{B1EE199A-1C8E-48FC-B0BB-56359EBAA644}.Release|Any CPU.ActiveCfg = Release|Any CPU
		{B1EE199A-1C8E-48FC-B0BB-56359EBAA644}.Release|Any CPU.Build.0 = Release|Any CPU
		{F228FEA0-1BD5-411E-80AA-6C8BA0DFE6BC}.Debug|Any CPU.ActiveCfg = Debug|Any CPU
		{F228FEA0-1BD5-411E-80AA-6C8BA0DFE6BC}.Debug|Any CPU.Build.0 = Debug|Any CPU
		{F228FEA0-1BD5-411E-80AA-6C8BA0DFE6BC}.Release|Any CPU.ActiveCfg = Release|Any CPU
		{F228FEA0-1BD5-411E-80AA-6C8BA0DFE6BC}.Release|Any CPU.Build.0 = Release|Any CPU
	EndGlobalSection
	GlobalSection(SolutionProperties) = preSolution
		HideSolutionNode = FALSE
	EndGlobalSection
	GlobalSection(ExtensibilityGlobals) = postSolution
		SolutionGuid = {C000D460-E9B0-49D9-AFFE-F1216CC84EC4}
	EndGlobalSection
EndGlobal
